
Microsoft Visual Studio Solution File, Format Version 12.00
# Visual Studio Version 16
VisualStudioVersion = 16.0.32630.194
MinimumVisualStudioVersion = 10.0.40219.1
Project("{FAE04EC0-301F-11D3-BF4B-00C04F79EFBC}") = "Task1", "Task1\Task1.csproj", "{A48E0732-C987-4C4E-BACD-36464D2A7F2B}"
EndProject
Global
	GlobalSection(SolutionConfigurationPlatforms) = preSolution
		Debug|Any CPU = Debug|Any CPU
		Release|Any CPU = Release|Any CPU
	EndGlobalSection
	GlobalSection(ProjectConfigurationPlatforms) = postSolution
		{A48E0732-C987-4C4E-BACD-36464D2A7F2B}.Debug|Any CPU.ActiveCfg = Debug|Any CPU
		{A48E0732-C987-4C4E-BACD-36464D2A7F2B}.Debug|Any CPU.Build.0 = Debug|Any CPU
		{A48E0732-C987-4C4E-BACD-36464D2A7F2B}.Release|Any CPU.ActiveCfg = Release|Any CPU
		{A48E0732-C987-4C4E-BACD-36464D2A7F2B}.Release|Any CPU.Build.0 = Release|Any CPU
	EndGlobalSection
	GlobalSection(SolutionProperties) = preSolution
		HideSolutionNode = FALSE
	EndGlobalSection
	GlobalSection(ExtensibilityGlobals) = postSolution
		SolutionGuid = {135F4EB4-D167-4438-8948-92120735E726}
	EndGlobalSection
EndGlobal
